
Microsoft Visual Studio Solution File, Format Version 12.00
# Visual Studio Version 17
VisualStudioVersion = 17.6.33829.357
MinimumVisualStudioVersion = 10.0.40219.1
Project("{FAE04EC0-301F-11D3-BF4B-00C04F79EFBC}") = "VariableOgDatatyper", "VariableOgDatatyper\VariableOgDatatyper.csproj", "{28B500C5-D2A3-404D-9259-0185E1C9B18E}"
EndProject
Global
	GlobalSection(SolutionConfigurationPlatforms) = preSolution
		Debug|Any CPU = Debug|Any CPU
		Release|Any CPU = Release|Any CPU
	EndGlobalSection
	GlobalSection(ProjectConfigurationPlatforms) = postSolution
		{28B500C5-D2A3-404D-9259-0185E1C9B18E}.Debug|Any CPU.ActiveCfg = Debug|Any CPU
		{28B500C5-D2A3-404D-9259-0185E1C9B18E}.Debug|Any CPU.Build.0 = Debug|Any CPU
		{28B500C5-D2A3-404D-9259-0185E1C9B18E}.Release|Any CPU.ActiveCfg = Release|Any CPU
		{28B500C5-D2A3-404D-9259-0185E1C9B18E}.Release|Any CPU.Build.0 = Release|Any CPU
	EndGlobalSection
	GlobalSection(SolutionProperties) = preSolution
		HideSolutionNode = FALSE
	EndGlobalSection
	GlobalSection(ExtensibilityGlobals) = postSolution
		SolutionGuid = {63C674C4-5943-4B9A-9AD3-D3B075F0CE4E}
	EndGlobalSection
EndGlobal
